<?xml version="1.0" encoding="utf-8"?>
<Project ToolsVersion="4.0" xmlns="http://schemas.microsoft.com/developer/msbuild/2003">
  <ItemGroup>
    <Filter Include="Source Files">
      <UniqueIdentifier>{4FC737F1-C7A5-4376-A066-2A32D752A2FF}</UniqueIdentifier>
      <Extensions>cpp;c;cc;cxx;c++;cppm;ixx;def;odl;idl;hpj;bat;asm;asmx</Extensions>
    </Filter>
    <Filter Include="Header Files">
      <UniqueIdentifier>{93995380-89BD-4b04-88EB-625FBE52EBFB}</UniqueIdentifier>
      <Extensions>h;hh;hpp;hxx;h++;hm;inl;inc;ipp;xsd</Extensions>
    </Filter>
    <Filter Include="Resource Files">
      <UniqueIdentifier>{67DA6AB6-F800-4c08-8B7A-83BB121AAD01}</UniqueIdentifier>
      <Extensions>rc;ico;cur;bmp;dlg;rc2;rct;bin;rgs;gif;jpg;jpeg;jpe;resx;tiff;tif;png;wav;mfcribbon-ms</Extensions>
    </Filter>
    <Filter Include="Source Files\client">
      <UniqueIdentifier>{757f33f0-f17b-4ecd-8b95-2157b2d2f03c}</UniqueIdentifier>
    </Filter>
    <Filter Include="Source Files\config">
      <UniqueIdentifier>{7f9657c5-d4c7-464f-b2f6-d9afbbe0bb42}</UniqueIdentifier>
    </Filter>
    <Filter Include="Source Files\dedicated">
      <UniqueIdentifier>{e45d18f7-8992-47ac-837c-4cb99f5a0487}</UniqueIdentifier>
    </Filter>
    <Filter Include="Source Files\masterserver">
      <UniqueIdentifier>{62167757-13c1-4f57-a8f5-15a3c800997b}</UniqueIdentifier>
    </Filter>
    <Filter Include="Source Files\mods">
      <UniqueIdentifier>{25e33568-4125-406d-8661-01ae2abf61a5}</UniqueIdentifier>
    </Filter>
    <Filter Include="Source Files\mods\compiled">
      <UniqueIdentifier>{008e67ce-bf6a-4792-9ded-69a434edea00}</UniqueIdentifier>
    </Filter>
    <Filter Include="Source Files\plugins">
      <UniqueIdentifier>{dbf03bda-dd0a-44ce-a6b1-361f7f21a10e}</UniqueIdentifier>
    </Filter>
    <Filter Include="Source Files\server">
      <UniqueIdentifier>{d83e1c5c-c9c7-47a2-b406-9b5a93e3cc29}</UniqueIdentifier>
    </Filter>
    <Filter Include="Source Files\scripts">
      <UniqueIdentifier>{57fb0fa6-7665-4d37-bb2b-6f5570023d83}</UniqueIdentifier>
    </Filter>
    <Filter Include="Source Files\server\auth">
      <UniqueIdentifier>{08436037-e86f-4410-8db6-37c8b10ca5a1}</UniqueIdentifier>
    </Filter>
    <Filter Include="Source Files\squirrel">
      <UniqueIdentifier>{e8fb33f4-47b5-4fd9-b6c0-2ca1bd8cac81}</UniqueIdentifier>
    </Filter>
    <Filter Include="Source Files\util">
      <UniqueIdentifier>{d60e54d0-b4e4-4210-af6b-59bdd84bed0f}</UniqueIdentifier>
    </Filter>
    <Filter Include="Header Files\dedicated">
      <UniqueIdentifier>{9ccd8616-d961-4c37-96e0-3219bd293afb}</UniqueIdentifier>
    </Filter>
    <Filter Include="Header Files\exploit_fixes">
      <UniqueIdentifier>{a9390f6a-5031-4c65-a636-82cf90899435}</UniqueIdentifier>
    </Filter>
    <Filter Include="Header Files\hooks">
      <UniqueIdentifier>{acf049ba-358a-4520-8813-2f802ce7167e}</UniqueIdentifier>
    </Filter>
    <Filter Include="Header Files\masterserver">
      <UniqueIdentifier>{0075910c-80c9-490f-a0d4-f9e410e4a918}</UniqueIdentifier>
    </Filter>
    <Filter Include="Header Files\plugins">
      <UniqueIdentifier>{c6c4746d-d6e1-4dba-a3fc-e645b28ac83f}</UniqueIdentifier>
    </Filter>
    <Filter Include="Header Files\scripts">
      <UniqueIdentifier>{3fba68ef-d715-4e18-b4a2-05d3fee00e2d}</UniqueIdentifier>
    </Filter>
    <Filter Include="Header Files\server">
      <UniqueIdentifier>{ae9c5353-a3ab-44a9-a328-91df6aa8c80e}</UniqueIdentifier>
    </Filter>
    <Filter Include="Header Files\server\auth">
      <UniqueIdentifier>{87869634-fa0f-48f8-a306-94d5a8157e1e}</UniqueIdentifier>
    </Filter>
    <Filter Include="Header Files\squirrel">
      <UniqueIdentifier>{0ad64562-eb98-4015-a4fc-6fdc63ac9322}</UniqueIdentifier>
    </Filter>
    <Filter Include="Header Files\util">
      <UniqueIdentifier>{13d0affc-1b4d-4090-8ad6-e9ae8fc56599}</UniqueIdentifier>
    </Filter>
    <Filter Include="Source Files\engine">
      <UniqueIdentifier>{b264a27d-619b-49b3-acbb-4e138ba29daf}</UniqueIdentifier>
    </Filter>
    <Filter Include="Header Files\engine">
      <UniqueIdentifier>{35658430-465d-433c-aa2d-b8266edb205a}</UniqueIdentifier>
    </Filter>
    <Filter Include="Source Files\shared">
      <UniqueIdentifier>{0517ea0b-2eca-4b1c-a0d1-766d4d1d19d2}</UniqueIdentifier>
    </Filter>
    <Filter Include="Header Files\shared">
      <UniqueIdentifier>{6d3f7657-6e58-4007-acd3-0b787f35406a}</UniqueIdentifier>
    </Filter>
    <Filter Include="Source Files\logging">
      <UniqueIdentifier>{b9c0cfad-46d4-41ea-806e-daef3d66c381}</UniqueIdentifier>
    </Filter>
    <Filter Include="Header Files\logging">
      <UniqueIdentifier>{a4f7d529-0b21-48af-82ef-9fb971b802f7}</UniqueIdentifier>
    </Filter>
    <Filter Include="Header Files\core">
      <UniqueIdentifier>{7ee4b436-a5d3-4680-bf99-bc6d7640ded3}</UniqueIdentifier>
    </Filter>
    <Filter Include="Header Files\core\filesystem">
      <UniqueIdentifier>{01e215c3-9fa2-4de1-a3e0-b6a27396c68c}</UniqueIdentifier>
    </Filter>
    <Filter Include="Header Files\core\math">
      <UniqueIdentifier>{0fa069c9-302b-4be5-ba47-37e13e181d78}</UniqueIdentifier>
    </Filter>
    <Filter Include="Source Files\scripts\client">
      <UniqueIdentifier>{08a9ca37-8a6e-458c-9da8-6f3dc917ddf7}</UniqueIdentifier>
    </Filter>
    <Filter Include="Source Files\scripts\server">
      <UniqueIdentifier>{2c0b196e-3a11-4655-a158-8a1c84be4471}</UniqueIdentifier>
    </Filter>
    <Filter Include="Source Files\core">
      <UniqueIdentifier>{122e2230-0605-40ef-8963-6e339d2c725e}</UniqueIdentifier>
    </Filter>
    <Filter Include="Source Files\core\convar">
      <UniqueIdentifier>{4e0d0f0e-c8f2-4fe1-a787-57060c610553}</UniqueIdentifier>
    </Filter>
    <Filter Include="Source Files\core\math">
      <UniqueIdentifier>{9e67fc99-0e20-4155-a167-5d251ea36581}</UniqueIdentifier>
    </Filter>
    <Filter Include="Source Files\core\filesystem">
      <UniqueIdentifier>{62b3cff9-b2d8-4c1c-a2a6-1e2138c0ff88}</UniqueIdentifier>
    </Filter>
    <Filter Include="Source Files\shared\exploit_fixes">
      <UniqueIdentifier>{9a819cdd-ebca-4cba-b231-76b6f98ed6ac}</UniqueIdentifier>
    </Filter>
    <Filter Include="Header Files\shared\exploit_fixes">
      <UniqueIdentifier>{1a377c09-bd3d-4757-b3bc-9cd0a1e6ac0d}</UniqueIdentifier>
    </Filter>
    <Filter Include="Header Files\client">
      <UniqueIdentifier>{06c7928e-bf66-446e-9cde-c8135c79d14b}</UniqueIdentifier>
    </Filter>
    <Filter Include="Header Files\core\convar">
      <UniqueIdentifier>{53a84980-9a1c-46b0-9b6d-06ec35781297}</UniqueIdentifier>
    </Filter>
    <Filter Include="Header Files\config">
      <UniqueIdentifier>{0b8b4a41-6131-4388-85d2-f5754a304610}</UniqueIdentifier>
    </Filter>
    <Filter Include="Header Files\masterserver\mods">
      <UniqueIdentifier>{31143dec-abe6-477a-9cae-045c5b57380b}</UniqueIdentifier>
    </Filter>
    <Filter Include="Header Files\client\igig">
      <UniqueIdentifier>{eb93e2aa-d4b3-4625-9b52-c9b69c1d337a}</UniqueIdentifier>
    </Filter>
    <Filter Include="Source Files\client\igig">
      <UniqueIdentifier>{c013ba3f-d49b-4fe0-a2b6-be6f94ccb774}</UniqueIdentifier>
    </Filter>
  </ItemGroup>
  <ItemGroup>
    <ClInclude Include="client\audio.h">
      <Filter>Header Files\client</Filter>
    </ClInclude>
    <ClInclude Include="client\localchatwriter.h">
      <Filter>Header Files\client</Filter>
    </ClInclude>
    <ClInclude Include="dedicated\dedicated.h">
      <Filter>Header Files\dedicated</Filter>
    </ClInclude>
    <ClInclude Include="exploit_fixes\ns_limits.h">
      <Filter>Header Files\exploit_fixes</Filter>
    </ClInclude>
    <ClInclude Include="hooks\hooks.h">
      <Filter>Header Files\hooks</Filter>
    </ClInclude>
    <ClInclude Include="hooks\memory.h">
      <Filter>Header Files\hooks</Filter>
    </ClInclude>
    <ClInclude Include="hooks\sourceinterface.h">
      <Filter>Header Files\hooks</Filter>
    </ClInclude>
    <ClInclude Include="masterserver\masterserver.h">
      <Filter>Header Files\masterserver</Filter>
    </ClInclude>
    <ClInclude Include="mods\modmanager.h">
      <Filter>Header Files\masterserver\mods</Filter>
    </ClInclude>
    <ClInclude Include="plugins\plugin_abi.h">
      <Filter>Header Files\plugins</Filter>
    </ClInclude>
    <ClInclude Include="plugins\plugins.h">
      <Filter>Header Files\plugins</Filter>
    </ClInclude>
    <ClInclude Include="server\serverpresence.h">
      <Filter>Header Files\server</Filter>
    </ClInclude>
    <ClInclude Include="server\auth\bansystem.h">
      <Filter>Header Files\server\auth</Filter>
    </ClInclude>
    <ClInclude Include="server\auth\serverauthentication.h">
      <Filter>Header Files\server\auth</Filter>
    </ClInclude>
    <ClInclude Include="squirrel\squirrel.h">
      <Filter>Header Files\squirrel</Filter>
    </ClInclude>
    <ClInclude Include="squirrel\squirrelautobind.h">
      <Filter>Header Files\squirrel</Filter>
    </ClInclude>
    <ClInclude Include="squirrel\squirrelclasstypes.h">
      <Filter>Header Files\squirrel</Filter>
    </ClInclude>
    <ClInclude Include="squirrel\squirreldatatypes.h">
      <Filter>Header Files\squirrel</Filter>
    </ClInclude>
    <ClInclude Include="util\version.h">
      <Filter>Header Files\util</Filter>
    </ClInclude>
    <ClInclude Include="dllmain.h">
      <Filter>Header Files</Filter>
    </ClInclude>
    <ClInclude Include="ns_version.h">
      <Filter>Header Files</Filter>
    </ClInclude>
    <ClInclude Include="pch.h">
      <Filter>Header Files</Filter>
    </ClInclude>
    <ClInclude Include="config\profile.h">
      <Filter>Header Files\config</Filter>
    </ClInclude>
    <ClInclude Include="engine\hoststate.h">
      <Filter>Header Files\engine</Filter>
    </ClInclude>
    <ClInclude Include="hooks\maxplayers.h">
      <Filter>Header Files\hooks</Filter>
    </ClInclude>
    <ClInclude Include="shared\keyvalues.h">
      <Filter>Header Files\shared</Filter>
    </ClInclude>
    <ClInclude Include="shared\playlist.h">
      <Filter>Header Files\shared</Filter>
    </ClInclude>
    <ClInclude Include="client\r2client.h">
      <Filter>Header Files\client</Filter>
    </ClInclude>
    <ClInclude Include="engine\r2engine.h">
      <Filter>Header Files\engine</Filter>
    </ClInclude>
    <ClInclude Include="server\r2server.h">
      <Filter>Header Files\server</Filter>
    </ClInclude>
    <ClInclude Include="hooks\tier0.h">
      <Filter>Header Files\hooks</Filter>
    </ClInclude>
    <ClInclude Include="hooks\memalloc.h">
      <Filter>Header Files\hooks</Filter>
    </ClInclude>
    <ClInclude Include="core\convar\concommand.h">
      <Filter>Header Files\core\convar</Filter>
    </ClInclude>
    <ClInclude Include="core\convar\convar.h">
      <Filter>Header Files\core\convar</Filter>
    </ClInclude>
    <ClInclude Include="core\convar\cvar.h">
      <Filter>Header Files\core\convar</Filter>
    </ClInclude>
    <ClInclude Include="core\filesystem\filesystem.h">
      <Filter>Header Files\core\filesystem</Filter>
    </ClInclude>
    <ClInclude Include="core\filesystem\rpakfilesystem.h">
      <Filter>Header Files\core\filesystem</Filter>
    </ClInclude>
    <ClInclude Include="core\math\bitbuf.h">
      <Filter>Header Files\core\math</Filter>
    </ClInclude>
    <ClInclude Include="core\math\bits.h">
      <Filter>Header Files\core\math</Filter>
    </ClInclude>
    <ClInclude Include="core\math\color.h">
      <Filter>Header Files\core\math</Filter>
    </ClInclude>
    <ClInclude Include="core\math\vector.h">
      <Filter>Header Files\core\math</Filter>
    </ClInclude>
    <ClInclude Include="core\hooks.h">
      <Filter>Header Files\core</Filter>
    </ClInclude>
    <ClInclude Include="core\memalloc.h">
      <Filter>Header Files\core</Filter>
    </ClInclude>
    <ClInclude Include="core\memory.h">
      <Filter>Header Files\core</Filter>
    </ClInclude>
    <ClInclude Include="core\structs.h">
      <Filter>Header Files\core</Filter>
    </ClInclude>
    <ClInclude Include="core\tier0.h">
      <Filter>Header Files\core</Filter>
    </ClInclude>
    <ClInclude Include="logging\crashhandler.h">
      <Filter>Header Files\logging</Filter>
    </ClInclude>
    <ClInclude Include="logging\logging.h">
      <Filter>Header Files\logging</Filter>
    </ClInclude>
    <ClInclude Include="logging\loghooks.h">
      <Filter>Header Files\logging</Filter>
    </ClInclude>
    <ClInclude Include="logging\sourceconsole.h">
      <Filter>Header Files\logging</Filter>
    </ClInclude>
    <ClInclude Include="server\serverchathooks.h">
      <Filter>Header Files\server</Filter>
    </ClInclude>
    <ClInclude Include="scripts\scripthttprequesthandler.h">
      <Filter>Header Files\scripts</Filter>
    </ClInclude>
    <ClInclude Include="shared\maxplayers.h">
      <Filter>Header Files\shared</Filter>
    </ClInclude>
    <ClInclude Include="shared\misccommands.h">
      <Filter>Header Files\shared</Filter>
    </ClInclude>
    <ClInclude Include="core\sourceinterface.h">
      <Filter>Header Files\core</Filter>
    </ClInclude>
    <ClInclude Include="core\macros.h">
      <Filter>Header Files\core</Filter>
    </ClInclude>
    <ClInclude Include="core\anticheat.h">
      <Filter>Header Files\core</Filter>
    </ClInclude>
    <ClInclude Include="util\base64.h">
      <Filter>Header Files\util</Filter>
    </ClInclude>
    <ClInclude Include="util\dohworker.h">
      <Filter>Header Files\util</Filter>
    </ClInclude>
    <ClInclude Include="util\sigscanning.h">
      <Filter>Header Files\util</Filter>
    </ClInclude>
    <ClInclude Include="scripts\scriptmasterservermessages.h">
      <Filter>Header Files\scripts</Filter>
    </ClInclude>
    <ClInclude Include="scripts\scriptgamestate.h">
      <Filter>Header Files\scripts</Filter>
    </ClInclude>
    <ClInclude Include="util\wininfo.h">
      <Filter>Header Files</Filter>
    </ClInclude>
    <ClInclude Include="util\utils.h">
      <Filter>Header Files\util</Filter>
    </ClInclude>
    <ClInclude Include="dedicated\dedicatedlogtoclient.h">
      <Filter>Header Files\dedicated</Filter>
    </ClInclude>
    <ClInclude Include="scripts\scriptmatchmakingevents.h">
      <Filter>Header Files\scripts</Filter>
    </ClInclude>
    <ClInclude Include="client\vguihooks.h">
      <Filter>Header Files\client</Filter>
    </ClInclude>
    <ClInclude Include="shared\kcpintegration.h">
      <Filter>Header Files\shared</Filter>
    </ClInclude>
    <ClInclude Include="mods\modsavefiles.h">
      <Filter>Header Files\masterserver\mods</Filter>
    </ClInclude>
    <ClInclude Include="scripts\scriptjson.h">
      <Filter>Header Files\scripts</Filter>
    </ClInclude>
    <ClInclude Include="shared\ikcp.h">
      <Filter>Header Files\shared</Filter>
    </ClInclude>
    <ClInclude Include="shared\rs.h">
      <Filter>Header Files\shared</Filter>
    </ClInclude>
    <ClInclude Include="engine\netgraph.h">
      <Filter>Header Files\engine</Filter>
    </ClInclude>
    <ClInclude Include="client\fontawesome.h">
      <Filter>Header Files\client</Filter>
    </ClInclude>
    <ClInclude Include="client\igig\igig.h">
      <Filter>Header Files\client\igig</Filter>
    </ClInclude>
    <ClInclude Include="client\igig\ime.h">
      <Filter>Header Files\client\igig</Filter>
    </ClInclude>
    <ClInclude Include="client\igig\kiero.h">
      <Filter>Header Files\client\igig</Filter>
    </ClInclude>
    <ClInclude Include="engine\disconnecthook.h">
      <Filter>Header Files\engine</Filter>
    </ClInclude>
    <ClInclude Include="masterserver\cabundle.h">
      <Filter>Header Files\masterserver</Filter>
    </ClInclude>
    <ClInclude Include="core\vanilla.h">
      <Filter>Header Files\core</Filter>
    </ClInclude>
  </ItemGroup>
  <ItemGroup>
    <ClCompile Include="client\audio.cpp">
      <Filter>Source Files\client</Filter>
    </ClCompile>
    <ClCompile Include="client\chatcommand.cpp">
      <Filter>Source Files\client</Filter>
    </ClCompile>
    <ClCompile Include="client\clientauthhooks.cpp">
      <Filter>Source Files\client</Filter>
    </ClCompile>
    <ClCompile Include="client\clientruihooks.cpp">
      <Filter>Source Files\client</Filter>
    </ClCompile>
    <ClCompile Include="client\clientvideooverrides.cpp">
      <Filter>Source Files\client</Filter>
    </ClCompile>
    <ClCompile Include="client\debugoverlay.cpp">
      <Filter>Source Files\client</Filter>
    </ClCompile>
    <ClCompile Include="client\demofixes.cpp">
      <Filter>Source Files\client</Filter>
    </ClCompile>
    <ClCompile Include="client\diskvmtfixes.cpp">
      <Filter>Source Files\client</Filter>
    </ClCompile>
    <ClCompile Include="client\languagehooks.cpp">
      <Filter>Source Files\client</Filter>
    </ClCompile>
    <ClCompile Include="client\latencyflex.cpp">
      <Filter>Source Files\client</Filter>
    </ClCompile>
    <ClCompile Include="client\localchatwriter.cpp">
      <Filter>Source Files\client</Filter>
    </ClCompile>
    <ClCompile Include="client\modlocalisation.cpp">
      <Filter>Source Files\client</Filter>
    </ClCompile>
    <ClCompile Include="dedicated\dedicated.cpp">
      <Filter>Source Files\dedicated</Filter>
    </ClCompile>
    <ClCompile Include="dedicated\dedicatedmaterialsystem.cpp">
      <Filter>Source Files\dedicated</Filter>
    </ClCompile>
    <ClCompile Include="masterserver\masterserver.cpp">
      <Filter>Source Files\masterserver</Filter>
    </ClCompile>
    <ClCompile Include="mods\modmanager.cpp">
      <Filter>Source Files\mods</Filter>
    </ClCompile>
    <ClCompile Include="mods\compiled\kb_act.cpp">
      <Filter>Source Files\mods\compiled</Filter>
    </ClCompile>
    <ClCompile Include="mods\compiled\modkeyvalues.cpp">
      <Filter>Source Files\mods\compiled</Filter>
    </ClCompile>
    <ClCompile Include="mods\compiled\modpdef.cpp">
      <Filter>Source Files\mods\compiled</Filter>
    </ClCompile>
    <ClCompile Include="mods\compiled\modscriptsrson.cpp">
      <Filter>Source Files\mods\compiled</Filter>
    </ClCompile>
    <ClCompile Include="plugins\plugins.cpp">
      <Filter>Source Files\plugins</Filter>
    </ClCompile>
    <ClCompile Include="scripts\scriptdatatables.cpp">
      <Filter>Source Files\scripts</Filter>
    </ClCompile>
    <ClCompile Include="scripts\scriptjson.cpp">
      <Filter>Source Files\scripts</Filter>
    </ClCompile>
    <ClCompile Include="scripts\scriptutility.cpp">
      <Filter>Source Files\scripts</Filter>
    </ClCompile>
    <ClCompile Include="server\buildainfile.cpp">
      <Filter>Source Files\server</Filter>
    </ClCompile>
    <ClCompile Include="server\serverpresence.cpp">
      <Filter>Source Files\server</Filter>
    </ClCompile>
    <ClCompile Include="server\auth\bansystem.cpp">
      <Filter>Source Files\server\auth</Filter>
    </ClCompile>
    <ClCompile Include="server\auth\serverauthentication.cpp">
      <Filter>Source Files\server\auth</Filter>
    </ClCompile>
    <ClCompile Include="squirrel\squirrel.cpp">
      <Filter>Source Files\squirrel</Filter>
    </ClCompile>
    <ClCompile Include="squirrel\squirrelautobind.cpp">
      <Filter>Source Files\squirrel</Filter>
    </ClCompile>
    <ClCompile Include="util\version.cpp">
      <Filter>Source Files\util</Filter>
    </ClCompile>
    <ClCompile Include="dllmain.cpp">
      <Filter>Source Files</Filter>
    </ClCompile>
    <ClCompile Include="pch.cpp">
      <Filter>Source Files</Filter>
    </ClCompile>
    <ClCompile Include="config\profile.cpp">
      <Filter>Source Files\config</Filter>
    </ClCompile>
    <ClCompile Include="engine\host.cpp">
      <Filter>Source Files\engine</Filter>
    </ClCompile>
    <ClCompile Include="engine\hoststate.cpp">
      <Filter>Source Files\engine</Filter>
    </ClCompile>
    <ClCompile Include="engine\runframe.cpp">
      <Filter>Source Files\engine</Filter>
    </ClCompile>
    <ClCompile Include="shared\keyvalues.cpp">
      <Filter>Source Files\shared</Filter>
    </ClCompile>
    <ClCompile Include="shared\playlist.cpp">
      <Filter>Source Files\shared</Filter>
    </ClCompile>
    <ClCompile Include="client\r2client.cpp">
      <Filter>Source Files\client</Filter>
    </ClCompile>
    <ClCompile Include="server\r2server.cpp">
      <Filter>Source Files\server</Filter>
    </ClCompile>
    <ClCompile Include="engine\r2engine.cpp">
      <Filter>Source Files\engine</Filter>
    </ClCompile>
    <ClCompile Include="logging\crashhandler.cpp">
      <Filter>Source Files\logging</Filter>
    </ClCompile>
    <ClCompile Include="logging\logging.cpp">
      <Filter>Source Files\logging</Filter>
    </ClCompile>
    <ClCompile Include="logging\loghooks.cpp">
      <Filter>Source Files\logging</Filter>
    </ClCompile>
    <ClCompile Include="logging\sourceconsole.cpp">
      <Filter>Source Files\logging</Filter>
    </ClCompile>
    <ClCompile Include="scripts\client\clientchathooks.cpp">
      <Filter>Source Files\scripts\client</Filter>
    </ClCompile>
    <ClCompile Include="scripts\client\cursorposition.cpp">
      <Filter>Source Files\scripts\client</Filter>
    </ClCompile>
    <ClCompile Include="scripts\client\scriptbrowserhooks.cpp">
      <Filter>Source Files\scripts\client</Filter>
    </ClCompile>
    <ClCompile Include="scripts\client\scriptmainmenupromos.cpp">
      <Filter>Source Files\scripts\client</Filter>
    </ClCompile>
    <ClCompile Include="scripts\client\scriptmodmenu.cpp">
      <Filter>Source Files\scripts\client</Filter>
    </ClCompile>
    <ClCompile Include="scripts\client\scriptserverbrowser.cpp">
      <Filter>Source Files\scripts\client</Filter>
    </ClCompile>
    <ClCompile Include="scripts\client\scriptservertoclientstringcommand.cpp">
      <Filter>Source Files\scripts\client</Filter>
    </ClCompile>
    <ClCompile Include="scripts\server\miscserverfixes.cpp">
      <Filter>Source Files\scripts\server</Filter>
    </ClCompile>
    <ClCompile Include="scripts\server\miscserverscript.cpp">
      <Filter>Source Files\scripts\server</Filter>
    </ClCompile>
    <ClCompile Include="scripts\server\scriptuserinfo.cpp">
      <Filter>Source Files\scripts\server</Filter>
    </ClCompile>
    <ClCompile Include="server\serverchathooks.cpp">
      <Filter>Source Files\server</Filter>
    </ClCompile>
    <ClCompile Include="core\convar\concommand.cpp">
      <Filter>Source Files\core\convar</Filter>
    </ClCompile>
    <ClCompile Include="core\convar\convar.cpp">
      <Filter>Source Files\core\convar</Filter>
    </ClCompile>
    <ClCompile Include="core\convar\cvar.cpp">
      <Filter>Source Files\core\convar</Filter>
    </ClCompile>
    <ClCompile Include="core\filesystem\filesystem.cpp">
      <Filter>Source Files\core\filesystem</Filter>
    </ClCompile>
    <ClCompile Include="core\filesystem\rpakfilesystem.cpp">
      <Filter>Source Files\core\filesystem</Filter>
    </ClCompile>
    <ClCompile Include="core\math\bits.cpp">
      <Filter>Source Files\core\math</Filter>
    </ClCompile>
    <ClCompile Include="core\math\color.cpp">
      <Filter>Source Files\core\math</Filter>
    </ClCompile>
    <ClCompile Include="core\hooks.cpp">
      <Filter>Source Files\core</Filter>
    </ClCompile>
    <ClCompile Include="core\memalloc.cpp">
      <Filter>Source Files\core</Filter>
    </ClCompile>
    <ClCompile Include="core\memory.cpp">
      <Filter>Source Files\core</Filter>
    </ClCompile>
    <ClCompile Include="core\tier0.cpp">
      <Filter>Source Files\core</Filter>
    </ClCompile>
    <ClCompile Include="shared\exploit_fixes\exploitfixes.cpp">
      <Filter>Source Files\shared\exploit_fixes</Filter>
    </ClCompile>
    <ClCompile Include="shared\exploit_fixes\exploitfixes_lzss.cpp">
      <Filter>Source Files\shared\exploit_fixes</Filter>
    </ClCompile>
    <ClCompile Include="shared\exploit_fixes\exploitfixes_utf8parser.cpp">
      <Filter>Source Files\shared\exploit_fixes</Filter>
    </ClCompile>
    <ClCompile Include="shared\exploit_fixes\ns_limits.cpp">
      <Filter>Source Files\shared\exploit_fixes</Filter>
    </ClCompile>
    <ClCompile Include="shared\maxplayers.cpp">
      <Filter>Source Files\shared</Filter>
    </ClCompile>
    <ClCompile Include="shared\misccommands.cpp">
      <Filter>Source Files\shared</Filter>
    </ClCompile>
    <ClCompile Include="util\printcommands.cpp">
      <Filter>Source Files\util</Filter>
    </ClCompile>
    <ClCompile Include="util\printmaps.cpp">
      <Filter>Source Files\util</Filter>
    </ClCompile>
    <ClCompile Include="scripts\scripthttprequesthandler.cpp">
      <Filter>Source Files\scripts</Filter>
    </ClCompile>
    <ClCompile Include="core\sourceinterface.cpp">
      <Filter>Source Files\core</Filter>
    </ClCompile>
    <ClCompile Include="core\anticheat.cpp">
      <Filter>Source Files\core</Filter>
    </ClCompile>
    <ClCompile Include="util\sigscanning.cpp">
      <Filter>Source Files\util</Filter>
    </ClCompile>
    <ClCompile Include="util\base64.cpp">
      <Filter>Source Files\util</Filter>
    </ClCompile>
    <ClCompile Include="util\dohworker.cpp">
      <Filter>Source Files\util</Filter>
    </ClCompile>
    <ClCompile Include="scripts\scriptplayerinfo.cpp">
      <Filter>Source Files\scripts</Filter>
    </ClCompile>
    <ClCompile Include="scripts\clantag.cpp">
      <Filter>Source Files\scripts</Filter>
    </ClCompile>
    <ClCompile Include="scripts\scriptmasterservermessages.cpp">
      <Filter>Source Files\scripts</Filter>
    </ClCompile>
    <ClCompile Include="scripts\scriptmatchmakingevents.cpp">
      <Filter>Source Files\scripts</Filter>
    </ClCompile>
    <ClCompile Include="scripts\scriptgamestate.cpp">
      <Filter>Source Files\scripts</Filter>
    </ClCompile>
    <ClCompile Include="util\wininfo.cpp">
      <Filter>Source Files</Filter>
    </ClCompile>
    <ClCompile Include="util\utils.cpp">
      <Filter>Source Files\util</Filter>
    </ClCompile>
    <ClCompile Include="dedicated\dedicatedlogtoclient.cpp">
      <Filter>Source Files\dedicated</Filter>
    </ClCompile>
    <ClCompile Include="client\rejectconnectionfixes.cpp">
      <Filter>Source Files\client</Filter>
    </ClCompile>
    <ClCompile Include="client\vguihooks.cpp">
      <Filter>Source Files\client</Filter>
    </ClCompile>
    <ClCompile Include="shared\kcpintegration.cpp">
      <Filter>Source Files\shared</Filter>
    </ClCompile>
    <ClCompile Include="server\alltalk.cpp">
      <Filter>Source Files\server</Filter>
    </ClCompile>
    <ClCompile Include="mods\modsavefiles.cpp">
      <Filter>Source Files\mods</Filter>
    </ClCompile>
    <ClCompile Include="shared\ikcp.cpp">
      <Filter>Source Files\shared</Filter>
    </ClCompile>
    <ClCompile Include="shared\rs.cpp">
      <Filter>Source Files\shared</Filter>
    </ClCompile>
    <ClCompile Include="engine\netgraph.cpp">
      <Filter>Source Files\engine</Filter>
    </ClCompile>
    <ClCompile Include="scripts\scriptsvm.cpp">
      <Filter>Source Files\scripts</Filter>
    </ClCompile>
    <ClCompile Include="client\igig\igig.cpp">
      <Filter>Source Files\client\igig</Filter>
    </ClCompile>
    <ClCompile Include="client\igig\kcpstats.cpp">
      <Filter>Source Files\client\igig</Filter>
    </ClCompile>
    <ClCompile Include="client\igig\ultralight.cpp">
      <Filter>Source Files\client\igig</Filter>
    </ClCompile>
    <ClCompile Include="client\igig\ime.cpp">
      <Filter>Source Files\client\igig</Filter>
    </ClCompile>
    <ClCompile Include="client\igig\kiero.cpp">
      <Filter>Source Files\client\igig</Filter>
    </ClCompile>
    <ClCompile Include="engine\disconnecthook.cpp">
      <Filter>Source Files\engine</Filter>
    </ClCompile>
  </ItemGroup>
  <ItemGroup>
    <MASM Include="audio_asm.asm">
      <Filter>Source Files\client</Filter>
    </MASM>
  </ItemGroup>
</Project>